
Microsoft Visual Studio Solution File, Format Version 12.00
# Visual Studio 15
VisualStudioVersion = 15.0.28307.329
MinimumVisualStudioVersion = 10.0.40219.1
Project("{FAE04EC0-301F-11D3-BF4B-00C04F79EFBC}") = "RailRoadVPN", "RailroadVPN\RailRoadVPN.csproj", "{27162C7A-B432-42A2-99A2-031BF9813B6D}"
EndProject
Global
	GlobalSection(SolutionConfigurationPlatforms) = preSolution
		Debug|Any CPU = Debug|Any CPU
		Release|Any CPU = Release|Any CPU
	EndGlobalSection
	GlobalSection(ProjectConfigurationPlatforms) = postSolution
		{27162C7A-B432-42A2-99A2-031BF9813B6D}.Debug|Any CPU.ActiveCfg = Debug|Any CPU
		{27162C7A-B432-42A2-99A2-031BF9813B6D}.Debug|Any CPU.Build.0 = Debug|Any CPU
		{27162C7A-B432-42A2-99A2-031BF9813B6D}.Release|Any CPU.ActiveCfg = Release|Any CPU
		{27162C7A-B432-42A2-99A2-031BF9813B6D}.Release|Any CPU.Build.0 = Release|Any CPU
	EndGlobalSection
	GlobalSection(SolutionProperties) = preSolution
		HideSolutionNode = FALSE
	EndGlobalSection
	GlobalSection(ExtensibilityGlobals) = postSolution
		SolutionGuid = {C2BCBD53-8A19-4A08-AB22-539A6845A6FB}
	EndGlobalSection
EndGlobal
